// !$*UTF8*$!
{
	archiveVersion = 1;
	classes = {
	};
	objectVersion = 50;
	objects = {

/* Begin PBXBuildFile section */
		9001C6FB252BBC1D0005564F /* ItemsControllerTests.swift in Sources */ = {isa = PBXBuildFile; fileRef = 9001C6FA252BBC1D0005564F /* ItemsControllerTests.swift */; };
		900D027824C6538200EF5B13 /* TestBackendCalls.swift in Sources */ = {isa = PBXBuildFile; fileRef = 900D027724C6538200EF5B13 /* TestBackendCalls.swift */; };
		90202FF824AC16ED00A9D357 /* AppDelegate.swift in Sources */ = {isa = PBXBuildFile; fileRef = 90202FF724AC16ED00A9D357 /* AppDelegate.swift */; };
		90202FFA24AC16ED00A9D357 /* SceneDelegate.swift in Sources */ = {isa = PBXBuildFile; fileRef = 90202FF924AC16ED00A9D357 /* SceneDelegate.swift */; };
		90202FFC24AC16ED00A9D357 /* MainViewController.swift in Sources */ = {isa = PBXBuildFile; fileRef = 90202FFB24AC16ED00A9D357 /* MainViewController.swift */; };
		90202FFF24AC16ED00A9D357 /* Main.storyboard in Resources */ = {isa = PBXBuildFile; fileRef = 90202FFD24AC16ED00A9D357 /* Main.storyboard */; };
		9020300224AC16ED00A9D357 /* Shared_Shopping_List.xcdatamodeld in Sources */ = {isa = PBXBuildFile; fileRef = 9020300024AC16ED00A9D357 /* Shared_Shopping_List.xcdatamodeld */; };
		9020300424AC16F100A9D357 /* Assets.xcassets in Resources */ = {isa = PBXBuildFile; fileRef = 9020300324AC16F100A9D357 /* Assets.xcassets */; };
		9020300724AC16F100A9D357 /* LaunchScreen.storyboard in Resources */ = {isa = PBXBuildFile; fileRef = 9020300524AC16F100A9D357 /* LaunchScreen.storyboard */; };
		9020302124AC262A00A9D357 /* SectionHeaderView.swift in Sources */ = {isa = PBXBuildFile; fileRef = 9020302024AC262A00A9D357 /* SectionHeaderView.swift */; };
		902BE26324CA8887008C9E59 /* NotificationController.swift in Sources */ = {isa = PBXBuildFile; fileRef = 902BE26224CA8887008C9E59 /* NotificationController.swift */; };
		9038DA5124BD24C100E6216D /* ListMember+CoreDataClass.swift in Sources */ = {isa = PBXBuildFile; fileRef = 9038DA4D24BD24C100E6216D /* ListMember+CoreDataClass.swift */; };
		9038DA5224BD24C100E6216D /* ListMember+CoreDataProperties.swift in Sources */ = {isa = PBXBuildFile; fileRef = 9038DA4E24BD24C100E6216D /* ListMember+CoreDataProperties.swift */; };
		9038DA5D24BD264900E6216D /* Item+CoreDataClass.swift in Sources */ = {isa = PBXBuildFile; fileRef = 9038DA5B24BD264900E6216D /* Item+CoreDataClass.swift */; };
		9038DA5E24BD264900E6216D /* Item+CoreDataProperties.swift in Sources */ = {isa = PBXBuildFile; fileRef = 9038DA5C24BD264900E6216D /* Item+CoreDataProperties.swift */; };
		904F52B7250078F60004EE99 /* ListControllerTests.swift in Sources */ = {isa = PBXBuildFile; fileRef = 904F52B6250078F60004EE99 /* ListControllerTests.swift */; };
		905E142C2554A735004DDB75 /* MotherView.swift in Sources */ = {isa = PBXBuildFile; fileRef = 905E142B2554A735004DDB75 /* MotherView.swift */; };
		905E14312554A8A4004DDB75 /* ViewRouter.swift in Sources */ = {isa = PBXBuildFile; fileRef = 905E14302554A8A4004DDB75 /* ViewRouter.swift */; };
		905E14352554A941004DDB75 /* ListDetailView.swift in Sources */ = {isa = PBXBuildFile; fileRef = 905E14342554A941004DDB75 /* ListDetailView.swift */; };
		9070BA7924BD27D1006101D1 /* List+CoreDataClass.swift in Sources */ = {isa = PBXBuildFile; fileRef = 9070BA7724BD27D1006101D1 /* List+CoreDataClass.swift */; };
		9070BA7A24BD27D1006101D1 /* List+CoreDataProperties.swift in Sources */ = {isa = PBXBuildFile; fileRef = 9070BA7824BD27D1006101D1 /* List+CoreDataProperties.swift */; };
		907B830124B7F7150098FCF0 /* PersistenceManager.swift in Sources */ = {isa = PBXBuildFile; fileRef = 907B830024B7F7150098FCF0 /* PersistenceManager.swift */; };
		907B830424B7FDF00098FCF0 /* User+CoreDataClass.swift in Sources */ = {isa = PBXBuildFile; fileRef = 907B830224B7FDEF0098FCF0 /* User+CoreDataClass.swift */; };
		907B830524B7FDF00098FCF0 /* User+CoreDataProperties.swift in Sources */ = {isa = PBXBuildFile; fileRef = 907B830324B7FDF00098FCF0 /* User+CoreDataProperties.swift */; };
		907D7ADF25508C7C0017508C /* SwiftUIListViewController.swift in Sources */ = {isa = PBXBuildFile; fileRef = 907D7ADE25508C7C0017508C /* SwiftUIListViewController.swift */; };
		90894C0A24B563E3006AFC40 /* UserController.swift in Sources */ = {isa = PBXBuildFile; fileRef = 90894C0924B563E3006AFC40 /* UserController.swift */; };
		90894C0C24B566AA006AFC40 /* ListController.swift in Sources */ = {isa = PBXBuildFile; fileRef = 90894C0B24B566AA006AFC40 /* ListController.swift */; };
		90894C1024B566DC006AFC40 /* ItemController.swift in Sources */ = {isa = PBXBuildFile; fileRef = 90894C0F24B566DC006AFC40 /* ItemController.swift */; };
		9090A8C0250701C000F997C8 /* UserControllerTests.swift in Sources */ = {isa = PBXBuildFile; fileRef = 9090A8BF250701C000F997C8 /* UserControllerTests.swift */; };
		9093567D24AC2B4A009E2F1E /* GlobalConstants.swift in Sources */ = {isa = PBXBuildFile; fileRef = 9093567C24AC2B4A009E2F1E /* GlobalConstants.swift */; };
		9093567F24AC2BC2009E2F1E /* MainViewModel.swift in Sources */ = {isa = PBXBuildFile; fileRef = 9093567E24AC2BC2009E2F1E /* MainViewModel.swift */; };
		9095D41524E8B21500BD9E20 /* ListMemberController.swift in Sources */ = {isa = PBXBuildFile; fileRef = 9095D41424E8B21500BD9E20 /* ListMemberController.swift */; };
		90A0CE9C24AC30BB00F0BC4B /* MainCollectionViewCell.swift in Sources */ = {isa = PBXBuildFile; fileRef = 90A0CE9B24AC30BB00F0BC4B /* MainCollectionViewCell.swift */; };
		90A0CE9E24AD674A00F0BC4B /* MainRootViewController.swift in Sources */ = {isa = PBXBuildFile; fileRef = 90A0CE9D24AD674A00F0BC4B /* MainRootViewController.swift */; };
		90A0CEA124AD6C7500F0BC4B /* MainDrawerViewController.swift in Sources */ = {isa = PBXBuildFile; fileRef = 90A0CEA024AD6C7500F0BC4B /* MainDrawerViewController.swift */; };
		90A0CEA324AD7F5C00F0BC4B /* DrawerContainerViewController.swift in Sources */ = {isa = PBXBuildFile; fileRef = 90A0CEA224AD7F5C00F0BC4B /* DrawerContainerViewController.swift */; };
		90A0CEA524AD874500F0BC4B /* RotatableView.swift in Sources */ = {isa = PBXBuildFile; fileRef = 90A0CEA424AD874500F0BC4B /* RotatableView.swift */; };
		90BB9B2C24C7D94400B87479 /* TestingVC.swift in Sources */ = {isa = PBXBuildFile; fileRef = 90BB9B2B24C7D94400B87479 /* TestingVC.swift */; };
		90C0389D24B2CD6A004C62F9 /* ListViewController.swift in Sources */ = {isa = PBXBuildFile; fileRef = 90C0389C24B2CD6A004C62F9 /* ListViewController.swift */; };
		90C0389F24B4C99C004C62F9 /* testyViewController.swift in Sources */ = {isa = PBXBuildFile; fileRef = 90C0389E24B4C99C004C62F9 /* testyViewController.swift */; };
		90C038A224B4DE55004C62F9 /* testTableViewController.swift in Sources */ = {isa = PBXBuildFile; fileRef = 90C038A124B4DE55004C62F9 /* testTableViewController.swift */; };
		90DBE4FE254CFAD800CCED55 /* ListViewModel.swift in Sources */ = {isa = PBXBuildFile; fileRef = 90DBE4FD254CFAD800CCED55 /* ListViewModel.swift */; };
		90DBE502254CFAF100CCED55 /* ListCell.swift in Sources */ = {isa = PBXBuildFile; fileRef = 90DBE501254CFAF100CCED55 /* ListCell.swift */; };
		90DBE506254CFB1C00CCED55 /* ContentView.swift in Sources */ = {isa = PBXBuildFile; fileRef = 90DBE505254CFB1C00CCED55 /* ContentView.swift */; };
		90FB0C1224C682E80064236D /* BackEndUtils.swift in Sources */ = {isa = PBXBuildFile; fileRef = 90FB0C1124C682E80064236D /* BackEndUtils.swift */; };
/* End PBXBuildFile section */

/* Begin PBXContainerItemProxy section */
		9020300E24AC16F200A9D357 /* PBXContainerItemProxy */ = {
			isa = PBXContainerItemProxy;
			containerPortal = 90202FEC24AC16ED00A9D357 /* Project object */;
			proxyType = 1;
			remoteGlobalIDString = 90202FF324AC16ED00A9D357;
			remoteInfo = "Shared Shopping List";
		};
/* End PBXContainerItemProxy section */

/* Begin PBXFileReference section */
		9001C6FA252BBC1D0005564F /* ItemsControllerTests.swift */ = {isa = PBXFileReference; lastKnownFileType = sourcecode.swift; path = ItemsControllerTests.swift; sourceTree = "<group>"; };
		900D027724C6538200EF5B13 /* TestBackendCalls.swift */ = {isa = PBXFileReference; lastKnownFileType = sourcecode.swift; path = TestBackendCalls.swift; sourceTree = "<group>"; };
		90202FF424AC16ED00A9D357 /* Shared Shopping List.app */ = {isa = PBXFileReference; explicitFileType = wrapper.application; includeInIndex = 0; path = "Shared Shopping List.app"; sourceTree = BUILT_PRODUCTS_DIR; };
		90202FF724AC16ED00A9D357 /* AppDelegate.swift */ = {isa = PBXFileReference; lastKnownFileType = sourcecode.swift; path = AppDelegate.swift; sourceTree = "<group>"; };
		90202FF924AC16ED00A9D357 /* SceneDelegate.swift */ = {isa = PBXFileReference; lastKnownFileType = sourcecode.swift; path = SceneDelegate.swift; sourceTree = "<group>"; };
		90202FFB24AC16ED00A9D357 /* MainViewController.swift */ = {isa = PBXFileReference; lastKnownFileType = sourcecode.swift; path = MainViewController.swift; sourceTree = "<group>"; };
		90202FFE24AC16ED00A9D357 /* Base */ = {isa = PBXFileReference; lastKnownFileType = file.storyboard; name = Base; path = Base.lproj/Main.storyboard; sourceTree = "<group>"; };
		9020300124AC16ED00A9D357 /* Shared_Shopping_List.xcdatamodel */ = {isa = PBXFileReference; lastKnownFileType = wrapper.xcdatamodel; path = Shared_Shopping_List.xcdatamodel; sourceTree = "<group>"; };
		9020300324AC16F100A9D357 /* Assets.xcassets */ = {isa = PBXFileReference; lastKnownFileType = folder.assetcatalog; path = Assets.xcassets; sourceTree = "<group>"; };
		9020300624AC16F100A9D357 /* Base */ = {isa = PBXFileReference; lastKnownFileType = file.storyboard; name = Base; path = Base.lproj/LaunchScreen.storyboard; sourceTree = "<group>"; };
		9020300824AC16F100A9D357 /* Info.plist */ = {isa = PBXFileReference; lastKnownFileType = text.plist.xml; path = Info.plist; sourceTree = "<group>"; };
		9020300D24AC16F200A9D357 /* Shared Shopping ListTests.xctest */ = {isa = PBXFileReference; explicitFileType = wrapper.cfbundle; includeInIndex = 0; path = "Shared Shopping ListTests.xctest"; sourceTree = BUILT_PRODUCTS_DIR; };
		9020301124AC16F200A9D357 /* Shared_Shopping_ListTests.swift */ = {isa = PBXFileReference; lastKnownFileType = sourcecode.swift; path = Shared_Shopping_ListTests.swift; sourceTree = "<group>"; };
		9020301324AC16F200A9D357 /* Info.plist */ = {isa = PBXFileReference; lastKnownFileType = text.plist.xml; path = Info.plist; sourceTree = "<group>"; };
		9020302024AC262A00A9D357 /* SectionHeaderView.swift */ = {isa = PBXFileReference; lastKnownFileType = sourcecode.swift; path = SectionHeaderView.swift; sourceTree = "<group>"; };
		902BE26224CA8887008C9E59 /* NotificationController.swift */ = {isa = PBXFileReference; lastKnownFileType = sourcecode.swift; path = NotificationController.swift; sourceTree = "<group>"; };
		9038DA4D24BD24C100E6216D /* ListMember+CoreDataClass.swift */ = {isa = PBXFileReference; lastKnownFileType = sourcecode.swift; path = "ListMember+CoreDataClass.swift"; sourceTree = "<group>"; };
		9038DA4E24BD24C100E6216D /* ListMember+CoreDataProperties.swift */ = {isa = PBXFileReference; lastKnownFileType = sourcecode.swift; path = "ListMember+CoreDataProperties.swift"; sourceTree = "<group>"; };
		9038DA5B24BD264900E6216D /* Item+CoreDataClass.swift */ = {isa = PBXFileReference; lastKnownFileType = sourcecode.swift; path = "Item+CoreDataClass.swift"; sourceTree = "<group>"; };
		9038DA5C24BD264900E6216D /* Item+CoreDataProperties.swift */ = {isa = PBXFileReference; lastKnownFileType = sourcecode.swift; path = "Item+CoreDataProperties.swift"; sourceTree = "<group>"; };
		904F52B6250078F60004EE99 /* ListControllerTests.swift */ = {isa = PBXFileReference; lastKnownFileType = sourcecode.swift; path = ListControllerTests.swift; sourceTree = "<group>"; };
		905E142B2554A735004DDB75 /* MotherView.swift */ = {isa = PBXFileReference; lastKnownFileType = sourcecode.swift; path = MotherView.swift; sourceTree = "<group>"; };
		905E14302554A8A4004DDB75 /* ViewRouter.swift */ = {isa = PBXFileReference; lastKnownFileType = sourcecode.swift; path = ViewRouter.swift; sourceTree = "<group>"; };
		905E14342554A941004DDB75 /* ListDetailView.swift */ = {isa = PBXFileReference; lastKnownFileType = sourcecode.swift; path = ListDetailView.swift; sourceTree = "<group>"; };
		9070BA7724BD27D1006101D1 /* List+CoreDataClass.swift */ = {isa = PBXFileReference; lastKnownFileType = sourcecode.swift; path = "List+CoreDataClass.swift"; sourceTree = "<group>"; };
		9070BA7824BD27D1006101D1 /* List+CoreDataProperties.swift */ = {isa = PBXFileReference; lastKnownFileType = sourcecode.swift; path = "List+CoreDataProperties.swift"; sourceTree = "<group>"; };
		907B830024B7F7150098FCF0 /* PersistenceManager.swift */ = {isa = PBXFileReference; lastKnownFileType = sourcecode.swift; path = PersistenceManager.swift; sourceTree = "<group>"; };
		907B830224B7FDEF0098FCF0 /* User+CoreDataClass.swift */ = {isa = PBXFileReference; lastKnownFileType = sourcecode.swift; path = "User+CoreDataClass.swift"; sourceTree = "<group>"; };
		907B830324B7FDF00098FCF0 /* User+CoreDataProperties.swift */ = {isa = PBXFileReference; lastKnownFileType = sourcecode.swift; path = "User+CoreDataProperties.swift"; sourceTree = "<group>"; };
		907D7ADE25508C7C0017508C /* SwiftUIListViewController.swift */ = {isa = PBXFileReference; lastKnownFileType = sourcecode.swift; path = SwiftUIListViewController.swift; sourceTree = "<group>"; };
		90894C0924B563E3006AFC40 /* UserController.swift */ = {isa = PBXFileReference; lastKnownFileType = sourcecode.swift; path = UserController.swift; sourceTree = "<group>"; };
		90894C0B24B566AA006AFC40 /* ListController.swift */ = {isa = PBXFileReference; lastKnownFileType = sourcecode.swift; path = ListController.swift; sourceTree = "<group>"; };
		90894C0F24B566DC006AFC40 /* ItemController.swift */ = {isa = PBXFileReference; lastKnownFileType = sourcecode.swift; path = ItemController.swift; sourceTree = "<group>"; };
		9090A8BF250701C000F997C8 /* UserControllerTests.swift */ = {isa = PBXFileReference; lastKnownFileType = sourcecode.swift; path = UserControllerTests.swift; sourceTree = "<group>"; };
		9093567C24AC2B4A009E2F1E /* GlobalConstants.swift */ = {isa = PBXFileReference; lastKnownFileType = sourcecode.swift; path = GlobalConstants.swift; sourceTree = "<group>"; };
		9093567E24AC2BC2009E2F1E /* MainViewModel.swift */ = {isa = PBXFileReference; lastKnownFileType = sourcecode.swift; path = MainViewModel.swift; sourceTree = "<group>"; };
		9095D41424E8B21500BD9E20 /* ListMemberController.swift */ = {isa = PBXFileReference; lastKnownFileType = sourcecode.swift; path = ListMemberController.swift; sourceTree = "<group>"; };
		90A0CE9B24AC30BB00F0BC4B /* MainCollectionViewCell.swift */ = {isa = PBXFileReference; lastKnownFileType = sourcecode.swift; path = MainCollectionViewCell.swift; sourceTree = "<group>"; };
		90A0CE9D24AD674A00F0BC4B /* MainRootViewController.swift */ = {isa = PBXFileReference; lastKnownFileType = sourcecode.swift; path = MainRootViewController.swift; sourceTree = "<group>"; };
		90A0CEA024AD6C7500F0BC4B /* MainDrawerViewController.swift */ = {isa = PBXFileReference; lastKnownFileType = sourcecode.swift; path = MainDrawerViewController.swift; sourceTree = "<group>"; };
		90A0CEA224AD7F5C00F0BC4B /* DrawerContainerViewController.swift */ = {isa = PBXFileReference; lastKnownFileType = sourcecode.swift; path = DrawerContainerViewController.swift; sourceTree = "<group>"; };
		90A0CEA424AD874500F0BC4B /* RotatableView.swift */ = {isa = PBXFileReference; lastKnownFileType = sourcecode.swift; path = RotatableView.swift; sourceTree = "<group>"; };
		90BB9B2B24C7D94400B87479 /* TestingVC.swift */ = {isa = PBXFileReference; lastKnownFileType = sourcecode.swift; path = TestingVC.swift; sourceTree = "<group>"; };
		90C0389C24B2CD6A004C62F9 /* ListViewController.swift */ = {isa = PBXFileReference; lastKnownFileType = sourcecode.swift; path = ListViewController.swift; sourceTree = "<group>"; };
		90C0389E24B4C99C004C62F9 /* testyViewController.swift */ = {isa = PBXFileReference; lastKnownFileType = sourcecode.swift; path = testyViewController.swift; sourceTree = "<group>"; };
		90C038A124B4DE55004C62F9 /* testTableViewController.swift */ = {isa = PBXFileReference; lastKnownFileType = sourcecode.swift; path = testTableViewController.swift; sourceTree = "<group>"; };
		90DBE4FD254CFAD800CCED55 /* ListViewModel.swift */ = {isa = PBXFileReference; lastKnownFileType = sourcecode.swift; path = ListViewModel.swift; sourceTree = "<group>"; };
		90DBE501254CFAF100CCED55 /* ListCell.swift */ = {isa = PBXFileReference; lastKnownFileType = sourcecode.swift; path = ListCell.swift; sourceTree = "<group>"; };
		90DBE505254CFB1C00CCED55 /* ContentView.swift */ = {isa = PBXFileReference; lastKnownFileType = sourcecode.swift; path = ContentView.swift; sourceTree = "<group>"; };
		90FB0C1124C682E80064236D /* BackEndUtils.swift */ = {isa = PBXFileReference; lastKnownFileType = sourcecode.swift; path = BackEndUtils.swift; sourceTree = "<group>"; };
/* End PBXFileReference section */

/* Begin PBXFrameworksBuildPhase section */
		90202FF124AC16ED00A9D357 /* Frameworks */ = {
			isa = PBXFrameworksBuildPhase;
			buildActionMask = 2147483647;
			files = (
			);
			runOnlyForDeploymentPostprocessing = 0;
		};
		9020300A24AC16F200A9D357 /* Frameworks */ = {
			isa = PBXFrameworksBuildPhase;
			buildActionMask = 2147483647;
			files = (
			);
			runOnlyForDeploymentPostprocessing = 0;
		};
/* End PBXFrameworksBuildPhase section */

/* Begin PBXGroup section */
		90021C5724AC2DC600EFBC4B /* Cells */ = {
			isa = PBXGroup;
			children = (
				9020302024AC262A00A9D357 /* SectionHeaderView.swift */,
				90A0CE9B24AC30BB00F0BC4B /* MainCollectionViewCell.swift */,
			);
			path = Cells;
			sourceTree = "<group>";
		};
		90202FEB24AC16ED00A9D357 = {
			isa = PBXGroup;
			children = (
				90202FF624AC16ED00A9D357 /* Shared Shopping List */,
				9020301024AC16F200A9D357 /* Shared Shopping ListTests */,
				90202FF524AC16ED00A9D357 /* Products */,
			);
			sourceTree = "<group>";
		};
		90202FF524AC16ED00A9D357 /* Products */ = {
			isa = PBXGroup;
			children = (
				90202FF424AC16ED00A9D357 /* Shared Shopping List.app */,
				9020300D24AC16F200A9D357 /* Shared Shopping ListTests.xctest */,
			);
			name = Products;
			sourceTree = "<group>";
		};
		90202FF624AC16ED00A9D357 /* Shared Shopping List */ = {
			isa = PBXGroup;
			children = (
				90DBE4FA254CFA5300CCED55 /* SwiftUIViews */,
				90FB0C1024C682C90064236D /* Utils */,
				90C038A024B4DE40004C62F9 /* Test */,
				9093567B24AC2AFD009E2F1E /* GlobalColors */,
				9020301F24AC259E00A9D357 /* Controller */,
				9020301E24AC258900A9D357 /* ViewModel */,
				9020301D24AC257D00A9D357 /* Views */,
				9020301C24AC257200A9D357 /* Model */,
				90202FF724AC16ED00A9D357 /* AppDelegate.swift */,
				90202FF924AC16ED00A9D357 /* SceneDelegate.swift */,
				9020300324AC16F100A9D357 /* Assets.xcassets */,
				9020300524AC16F100A9D357 /* LaunchScreen.storyboard */,
				9020300024AC16ED00A9D357 /* Shared_Shopping_List.xcdatamodeld */,
				9020300824AC16F100A9D357 /* Info.plist */,
			);
			path = "Shared Shopping List";
			sourceTree = "<group>";
		};
		9020301024AC16F200A9D357 /* Shared Shopping ListTests */ = {
			isa = PBXGroup;
			children = (
				9020301124AC16F200A9D357 /* Shared_Shopping_ListTests.swift */,
				9020301324AC16F200A9D357 /* Info.plist */,
				904F52B6250078F60004EE99 /* ListControllerTests.swift */,
				9090A8BF250701C000F997C8 /* UserControllerTests.swift */,
				9001C6FA252BBC1D0005564F /* ItemsControllerTests.swift */,
			);
			path = "Shared Shopping ListTests";
			sourceTree = "<group>";
		};
		9020301C24AC257200A9D357 /* Model */ = {
			isa = PBXGroup;
			children = (
				9070BA7724BD27D1006101D1 /* List+CoreDataClass.swift */,
				9070BA7824BD27D1006101D1 /* List+CoreDataProperties.swift */,
				9038DA5B24BD264900E6216D /* Item+CoreDataClass.swift */,
				9038DA5C24BD264900E6216D /* Item+CoreDataProperties.swift */,
				9038DA4D24BD24C100E6216D /* ListMember+CoreDataClass.swift */,
				9038DA4E24BD24C100E6216D /* ListMember+CoreDataProperties.swift */,
				907B830224B7FDEF0098FCF0 /* User+CoreDataClass.swift */,
				907B830324B7FDF00098FCF0 /* User+CoreDataProperties.swift */,
			);
			path = Model;
			sourceTree = "<group>";
		};
		9020301D24AC257D00A9D357 /* Views */ = {
			isa = PBXGroup;
			children = (
				90A0CEA624AD8AE300F0BC4B /* CustomViews */,
				90A0CE9F24AD6C4700F0BC4B /* DrawerVIews */,
				90021C5724AC2DC600EFBC4B /* Cells */,
				90202FFB24AC16ED00A9D357 /* MainViewController.swift */,
				907D7ADE25508C7C0017508C /* SwiftUIListViewController.swift */,
				90202FFD24AC16ED00A9D357 /* Main.storyboard */,
				90A0CE9D24AD674A00F0BC4B /* MainRootViewController.swift */,
				90C0389C24B2CD6A004C62F9 /* ListViewController.swift */,
				90C0389E24B4C99C004C62F9 /* testyViewController.swift */,
			);
			path = Views;
			sourceTree = "<group>";
		};
		9020301E24AC258900A9D357 /* ViewModel */ = {
			isa = PBXGroup;
			children = (
				9093567E24AC2BC2009E2F1E /* MainViewModel.swift */,
			);
			path = ViewModel;
			sourceTree = "<group>";
		};
		9020301F24AC259E00A9D357 /* Controller */ = {
			isa = PBXGroup;
			children = (
				90894C0924B563E3006AFC40 /* UserController.swift */,
				90894C0B24B566AA006AFC40 /* ListController.swift */,
				90894C0F24B566DC006AFC40 /* ItemController.swift */,
				907B830024B7F7150098FCF0 /* PersistenceManager.swift */,
				9095D41424E8B21500BD9E20 /* ListMemberController.swift */,
			);
			path = Controller;
			sourceTree = "<group>";
		};
		905E142F2554A895004DDB75 /* Routers */ = {
			isa = PBXGroup;
			children = (
				905E14302554A8A4004DDB75 /* ViewRouter.swift */,
			);
			path = Routers;
			sourceTree = "<group>";
		};
		9093567B24AC2AFD009E2F1E /* GlobalColors */ = {
			isa = PBXGroup;
			children = (
				9093567C24AC2B4A009E2F1E /* GlobalConstants.swift */,
			);
			path = GlobalColors;
			sourceTree = "<group>";
		};
		90A0CE9F24AD6C4700F0BC4B /* DrawerVIews */ = {
			isa = PBXGroup;
			children = (
				90A0CEA024AD6C7500F0BC4B /* MainDrawerViewController.swift */,
				90A0CEA224AD7F5C00F0BC4B /* DrawerContainerViewController.swift */,
			);
			path = DrawerVIews;
			sourceTree = "<group>";
		};
		90A0CEA624AD8AE300F0BC4B /* CustomViews */ = {
			isa = PBXGroup;
			children = (
				90A0CEA424AD874500F0BC4B /* RotatableView.swift */,
			);
			path = CustomViews;
			sourceTree = "<group>";
		};
		90C038A024B4DE40004C62F9 /* Test */ = {
			isa = PBXGroup;
			children = (
				90C038A124B4DE55004C62F9 /* testTableViewController.swift */,
				900D027724C6538200EF5B13 /* TestBackendCalls.swift */,
				90BB9B2B24C7D94400B87479 /* TestingVC.swift */,
			);
			path = Test;
			sourceTree = "<group>";
		};
		90DBE4FA254CFA5300CCED55 /* SwiftUIViews */ = {
			isa = PBXGroup;
			children = (
				905E142F2554A895004DDB75 /* Routers */,
				90DBE4FC254CFA6B00CCED55 /* Cell */,
				90DBE4FB254CFA6300CCED55 /* ViewModels */,
				90DBE505254CFB1C00CCED55 /* ContentView.swift */,
				905E14342554A941004DDB75 /* ListDetailView.swift */,
				905E142B2554A735004DDB75 /* MotherView.swift */,
			);
			path = SwiftUIViews;
			sourceTree = "<group>";
		};
		90DBE4FB254CFA6300CCED55 /* ViewModels */ = {
			isa = PBXGroup;
			children = (
				90DBE4FD254CFAD800CCED55 /* ListViewModel.swift */,
			);
			path = ViewModels;
			sourceTree = "<group>";
		};
		90DBE4FC254CFA6B00CCED55 /* Cell */ = {
			isa = PBXGroup;
			children = (
				90DBE501254CFAF100CCED55 /* ListCell.swift */,
			);
			path = Cell;
			sourceTree = "<group>";
		};
		90FB0C1024C682C90064236D /* Utils */ = {
			isa = PBXGroup;
			children = (
				90FB0C1124C682E80064236D /* BackEndUtils.swift */,
				902BE26224CA8887008C9E59 /* NotificationController.swift */,
			);
			path = Utils;
			sourceTree = "<group>";
		};
/* End PBXGroup section */

/* Begin PBXNativeTarget section */
		90202FF324AC16ED00A9D357 /* Shared Shopping List */ = {
			isa = PBXNativeTarget;
			buildConfigurationList = 9020301624AC16F200A9D357 /* Build configuration list for PBXNativeTarget "Shared Shopping List" */;
			buildPhases = (
				90202FF024AC16ED00A9D357 /* Sources */,
				90202FF124AC16ED00A9D357 /* Frameworks */,
				90202FF224AC16ED00A9D357 /* Resources */,
			);
			buildRules = (
			);
			dependencies = (
			);
			name = "Shared Shopping List";
			productName = "Shared Shopping List";
			productReference = 90202FF424AC16ED00A9D357 /* Shared Shopping List.app */;
			productType = "com.apple.product-type.application";
		};
		9020300C24AC16F200A9D357 /* Shared Shopping ListTests */ = {
			isa = PBXNativeTarget;
			buildConfigurationList = 9020301924AC16F200A9D357 /* Build configuration list for PBXNativeTarget "Shared Shopping ListTests" */;
			buildPhases = (
				9020300924AC16F200A9D357 /* Sources */,
				9020300A24AC16F200A9D357 /* Frameworks */,
				9020300B24AC16F200A9D357 /* Resources */,
			);
			buildRules = (
			);
			dependencies = (
				9020300F24AC16F200A9D357 /* PBXTargetDependency */,
			);
			name = "Shared Shopping ListTests";
			productName = "Shared Shopping ListTests";
			productReference = 9020300D24AC16F200A9D357 /* Shared Shopping ListTests.xctest */;
			productType = "com.apple.product-type.bundle.unit-test";
		};
/* End PBXNativeTarget section */

/* Begin PBXProject section */
		90202FEC24AC16ED00A9D357 /* Project object */ = {
			isa = PBXProject;
			attributes = {
				LastSwiftUpdateCheck = 1150;
				LastUpgradeCheck = 1150;
				ORGANIZATIONNAME = "Greg Hughes";
				TargetAttributes = {
					90202FF324AC16ED00A9D357 = {
						CreatedOnToolsVersion = 11.5;
					};
					9020300C24AC16F200A9D357 = {
						CreatedOnToolsVersion = 11.5;
						TestTargetID = 90202FF324AC16ED00A9D357;
					};
				};
			};
			buildConfigurationList = 90202FEF24AC16ED00A9D357 /* Build configuration list for PBXProject "Shared Shopping List" */;
			compatibilityVersion = "Xcode 9.3";
			developmentRegion = en;
			hasScannedForEncodings = 0;
			knownRegions = (
				en,
				Base,
			);
			mainGroup = 90202FEB24AC16ED00A9D357;
			productRefGroup = 90202FF524AC16ED00A9D357 /* Products */;
			projectDirPath = "";
			projectRoot = "";
			targets = (
				90202FF324AC16ED00A9D357 /* Shared Shopping List */,
				9020300C24AC16F200A9D357 /* Shared Shopping ListTests */,
			);
		};
/* End PBXProject section */

/* Begin PBXResourcesBuildPhase section */
		90202FF224AC16ED00A9D357 /* Resources */ = {
			isa = PBXResourcesBuildPhase;
			buildActionMask = 2147483647;
			files = (
				9020300724AC16F100A9D357 /* LaunchScreen.storyboard in Resources */,
				9020300424AC16F100A9D357 /* Assets.xcassets in Resources */,
				90202FFF24AC16ED00A9D357 /* Main.storyboard in Resources */,
			);
			runOnlyForDeploymentPostprocessing = 0;
		};
		9020300B24AC16F200A9D357 /* Resources */ = {
			isa = PBXResourcesBuildPhase;
			buildActionMask = 2147483647;
			files = (
			);
			runOnlyForDeploymentPostprocessing = 0;
		};
/* End PBXResourcesBuildPhase section */

/* Begin PBXSourcesBuildPhase section */
		90202FF024AC16ED00A9D357 /* Sources */ = {
			isa = PBXSourcesBuildPhase;
			buildActionMask = 2147483647;
			files = (
				9038DA5D24BD264900E6216D /* Item+CoreDataClass.swift in Sources */,
				90BB9B2C24C7D94400B87479 /* TestingVC.swift in Sources */,
				902BE26324CA8887008C9E59 /* NotificationController.swift in Sources */,
				905E14352554A941004DDB75 /* ListDetailView.swift in Sources */,
				907B830124B7F7150098FCF0 /* PersistenceManager.swift in Sources */,
				90C0389D24B2CD6A004C62F9 /* ListViewController.swift in Sources */,
				90A0CEA124AD6C7500F0BC4B /* MainDrawerViewController.swift in Sources */,
				9093567F24AC2BC2009E2F1E /* MainViewModel.swift in Sources */,
				90894C1024B566DC006AFC40 /* ItemController.swift in Sources */,
				9070BA7A24BD27D1006101D1 /* List+CoreDataProperties.swift in Sources */,
				9038DA5E24BD264900E6216D /* Item+CoreDataProperties.swift in Sources */,
				90FB0C1224C682E80064236D /* BackEndUtils.swift in Sources */,
				905E14312554A8A4004DDB75 /* ViewRouter.swift in Sources */,
				90DBE502254CFAF100CCED55 /* ListCell.swift in Sources */,
				90A0CE9E24AD674A00F0BC4B /* MainRootViewController.swift in Sources */,
				90A0CE9C24AC30BB00F0BC4B /* MainCollectionViewCell.swift in Sources */,
				9095D41524E8B21500BD9E20 /* ListMemberController.swift in Sources */,
				9038DA5224BD24C100E6216D /* ListMember+CoreDataProperties.swift in Sources */,
				90DBE506254CFB1C00CCED55 /* ContentView.swift in Sources */,
				905E142C2554A735004DDB75 /* MotherView.swift in Sources */,
				9038DA5124BD24C100E6216D /* ListMember+CoreDataClass.swift in Sources */,
				90894C0C24B566AA006AFC40 /* ListController.swift in Sources */,
				90C0389F24B4C99C004C62F9 /* testyViewController.swift in Sources */,
				90A0CEA324AD7F5C00F0BC4B /* DrawerContainerViewController.swift in Sources */,
				9070BA7924BD27D1006101D1 /* List+CoreDataClass.swift in Sources */,
				907B830424B7FDF00098FCF0 /* User+CoreDataClass.swift in Sources */,
				907B830524B7FDF00098FCF0 /* User+CoreDataProperties.swift in Sources */,
				90202FFC24AC16ED00A9D357 /* MainViewController.swift in Sources */,
				90A0CEA524AD874500F0BC4B /* RotatableView.swift in Sources */,
				900D027824C6538200EF5B13 /* TestBackendCalls.swift in Sources */,
				90202FF824AC16ED00A9D357 /* AppDelegate.swift in Sources */,
				907D7ADF25508C7C0017508C /* SwiftUIListViewController.swift in Sources */,
				9020302124AC262A00A9D357 /* SectionHeaderView.swift in Sources */,
				9020300224AC16ED00A9D357 /* Shared_Shopping_List.xcdatamodeld in Sources */,
				9093567D24AC2B4A009E2F1E /* GlobalConstants.swift in Sources */,
				90894C0A24B563E3006AFC40 /* UserController.swift in Sources */,
				90C038A224B4DE55004C62F9 /* testTableViewController.swift in Sources */,
				90202FFA24AC16ED00A9D357 /* SceneDelegate.swift in Sources */,
				90DBE4FE254CFAD800CCED55 /* ListViewModel.swift in Sources */,
			);
			runOnlyForDeploymentPostprocessing = 0;
		};
		9020300924AC16F200A9D357 /* Sources */ = {
			isa = PBXSourcesBuildPhase;
			buildActionMask = 2147483647;
			files = (
				9090A8C0250701C000F997C8 /* UserControllerTests.swift in Sources */,
				9001C6FB252BBC1D0005564F /* ItemsControllerTests.swift in Sources */,
				904F52B7250078F60004EE99 /* ListControllerTests.swift in Sources */,
			);
			runOnlyForDeploymentPostprocessing = 0;
		};
/* End PBXSourcesBuildPhase section */

/* Begin PBXTargetDependency section */
		9020300F24AC16F200A9D357 /* PBXTargetDependency */ = {
			isa = PBXTargetDependency;
			target = 90202FF324AC16ED00A9D357 /* Shared Shopping List */;
			targetProxy = 9020300E24AC16F200A9D357 /* PBXContainerItemProxy */;
		};
/* End PBXTargetDependency section */

/* Begin PBXVariantGroup section */
		90202FFD24AC16ED00A9D357 /* Main.storyboard */ = {
			isa = PBXVariantGroup;
			children = (
				90202FFE24AC16ED00A9D357 /* Base */,
			);
			name = Main.storyboard;
			sourceTree = "<group>";
		};
		9020300524AC16F100A9D357 /* LaunchScreen.storyboard */ = {
			isa = PBXVariantGroup;
			children = (
				9020300624AC16F100A9D357 /* Base */,
			);
			name = LaunchScreen.storyboard;
			sourceTree = "<group>";
		};
/* End PBXVariantGroup section */

/* Begin XCBuildConfiguration section */
		9020301424AC16F200A9D357 /* Debug */ = {
			isa = XCBuildConfiguration;
			buildSettings = {
				ALWAYS_SEARCH_USER_PATHS = NO;
				CLANG_ANALYZER_NONNULL = YES;
				CLANG_ANALYZER_NUMBER_OBJECT_CONVERSION = YES_AGGRESSIVE;
				CLANG_CXX_LANGUAGE_STANDARD = "gnu++14";
				CLANG_CXX_LIBRARY = "libc++";
				CLANG_ENABLE_MODULES = YES;
				CLANG_ENABLE_OBJC_ARC = YES;
				CLANG_ENABLE_OBJC_WEAK = YES;
				CLANG_WARN_BLOCK_CAPTURE_AUTORELEASING = YES;
				CLANG_WARN_BOOL_CONVERSION = YES;
				CLANG_WARN_COMMA = YES;
				CLANG_WARN_CONSTANT_CONVERSION = YES;
				CLANG_WARN_DEPRECATED_OBJC_IMPLEMENTATIONS = YES;
				CLANG_WARN_DIRECT_OBJC_ISA_USAGE = YES_ERROR;
				CLANG_WARN_DOCUMENTATION_COMMENTS = YES;
				CLANG_WARN_EMPTY_BODY = YES;
				CLANG_WARN_ENUM_CONVERSION = YES;
				CLANG_WARN_INFINITE_RECURSION = YES;
				CLANG_WARN_INT_CONVERSION = YES;
				CLANG_WARN_NON_LITERAL_NULL_CONVERSION = YES;
				CLANG_WARN_OBJC_IMPLICIT_RETAIN_SELF = YES;
				CLANG_WARN_OBJC_LITERAL_CONVERSION = YES;
				CLANG_WARN_OBJC_ROOT_CLASS = YES_ERROR;
				CLANG_WARN_RANGE_LOOP_ANALYSIS = YES;
				CLANG_WARN_STRICT_PROTOTYPES = YES;
				CLANG_WARN_SUSPICIOUS_MOVE = YES;
				CLANG_WARN_UNGUARDED_AVAILABILITY = YES_AGGRESSIVE;
				CLANG_WARN_UNREACHABLE_CODE = YES;
				CLANG_WARN__DUPLICATE_METHOD_MATCH = YES;
				COPY_PHASE_STRIP = NO;
				DEBUG_INFORMATION_FORMAT = dwarf;
				ENABLE_STRICT_OBJC_MSGSEND = YES;
				ENABLE_TESTABILITY = YES;
				GCC_C_LANGUAGE_STANDARD = gnu11;
				GCC_DYNAMIC_NO_PIC = NO;
				GCC_NO_COMMON_BLOCKS = YES;
				GCC_OPTIMIZATION_LEVEL = 0;
				GCC_PREPROCESSOR_DEFINITIONS = (
					"DEBUG=1",
					"$(inherited)",
				);
				GCC_WARN_64_TO_32_BIT_CONVERSION = YES;
				GCC_WARN_ABOUT_RETURN_TYPE = YES_ERROR;
				GCC_WARN_UNDECLARED_SELECTOR = YES;
				GCC_WARN_UNINITIALIZED_AUTOS = YES_AGGRESSIVE;
				GCC_WARN_UNUSED_FUNCTION = YES;
				GCC_WARN_UNUSED_VARIABLE = YES;
				IPHONEOS_DEPLOYMENT_TARGET = 13.5;
				MTL_ENABLE_DEBUG_INFO = INCLUDE_SOURCE;
				MTL_FAST_MATH = YES;
				ONLY_ACTIVE_ARCH = YES;
				SDKROOT = iphoneos;
				SWIFT_ACTIVE_COMPILATION_CONDITIONS = DEBUG;
				SWIFT_OPTIMIZATION_LEVEL = "-Onone";
			};
			name = Debug;
		};
		9020301524AC16F200A9D357 /* Release */ = {
			isa = XCBuildConfiguration;
			buildSettings = {
				ALWAYS_SEARCH_USER_PATHS = NO;
				CLANG_ANALYZER_NONNULL = YES;
				CLANG_ANALYZER_NUMBER_OBJECT_CONVERSION = YES_AGGRESSIVE;
				CLANG_CXX_LANGUAGE_STANDARD = "gnu++14";
				CLANG_CXX_LIBRARY = "libc++";
				CLANG_ENABLE_MODULES = YES;
				CLANG_ENABLE_OBJC_ARC = YES;
				CLANG_ENABLE_OBJC_WEAK = YES;
				CLANG_WARN_BLOCK_CAPTURE_AUTORELEASING = YES;
				CLANG_WARN_BOOL_CONVERSION = YES;
				CLANG_WARN_COMMA = YES;
				CLANG_WARN_CONSTANT_CONVERSION = YES;
				CLANG_WARN_DEPRECATED_OBJC_IMPLEMENTATIONS = YES;
				CLANG_WARN_DIRECT_OBJC_ISA_USAGE = YES_ERROR;
				CLANG_WARN_DOCUMENTATION_COMMENTS = YES;
				CLANG_WARN_EMPTY_BODY = YES;
				CLANG_WARN_ENUM_CONVERSION = YES;
				CLANG_WARN_INFINITE_RECURSION = YES;
				CLANG_WARN_INT_CONVERSION = YES;
				CLANG_WARN_NON_LITERAL_NULL_CONVERSION = YES;
				CLANG_WARN_OBJC_IMPLICIT_RETAIN_SELF = YES;
				CLANG_WARN_OBJC_LITERAL_CONVERSION = YES;
				CLANG_WARN_OBJC_ROOT_CLASS = YES_ERROR;
				CLANG_WARN_RANGE_LOOP_ANALYSIS = YES;
				CLANG_WARN_STRICT_PROTOTYPES = YES;
				CLANG_WARN_SUSPICIOUS_MOVE = YES;
				CLANG_WARN_UNGUARDED_AVAILABILITY = YES_AGGRESSIVE;
				CLANG_WARN_UNREACHABLE_CODE = YES;
				CLANG_WARN__DUPLICATE_METHOD_MATCH = YES;
				COPY_PHASE_STRIP = NO;
				DEBUG_INFORMATION_FORMAT = "dwarf-with-dsym";
				ENABLE_NS_ASSERTIONS = NO;
				ENABLE_STRICT_OBJC_MSGSEND = YES;
				GCC_C_LANGUAGE_STANDARD = gnu11;
				GCC_NO_COMMON_BLOCKS = YES;
				GCC_WARN_64_TO_32_BIT_CONVERSION = YES;
				GCC_WARN_ABOUT_RETURN_TYPE = YES_ERROR;
				GCC_WARN_UNDECLARED_SELECTOR = YES;
				GCC_WARN_UNINITIALIZED_AUTOS = YES_AGGRESSIVE;
				GCC_WARN_UNUSED_FUNCTION = YES;
				GCC_WARN_UNUSED_VARIABLE = YES;
				IPHONEOS_DEPLOYMENT_TARGET = 13.5;
				MTL_ENABLE_DEBUG_INFO = NO;
				MTL_FAST_MATH = YES;
				SDKROOT = iphoneos;
				SWIFT_COMPILATION_MODE = wholemodule;
				SWIFT_OPTIMIZATION_LEVEL = "-O";
				VALIDATE_PRODUCT = YES;
			};
			name = Release;
		};
		9020301724AC16F200A9D357 /* Debug */ = {
			isa = XCBuildConfiguration;
			buildSettings = {
				ASSETCATALOG_COMPILER_APPICON_NAME = AppIcon;
				CODE_SIGN_STYLE = Automatic;
				DEVELOPMENT_TEAM = 57FTCZV5HS;
				INFOPLIST_FILE = "Shared Shopping List/Info.plist";
				LD_RUNPATH_SEARCH_PATHS = (
					"$(inherited)",
					"@executable_path/Frameworks",
				);
				PRODUCT_BUNDLE_IDENTIFIER = "com.greghughes.Shared-Shopping-List";
				PRODUCT_NAME = "$(TARGET_NAME)";
				SWIFT_VERSION = 5.0;
				TARGETED_DEVICE_FAMILY = "1,2";
			};
			name = Debug;
		};
		9020301824AC16F200A9D357 /* Release */ = {
			isa = XCBuildConfiguration;
			buildSettings = {
				ASSETCATALOG_COMPILER_APPICON_NAME = AppIcon;
				CODE_SIGN_STYLE = Automatic;
				DEVELOPMENT_TEAM = 57FTCZV5HS;
				INFOPLIST_FILE = "Shared Shopping List/Info.plist";
				LD_RUNPATH_SEARCH_PATHS = (
					"$(inherited)",
					"@executable_path/Frameworks",
				);
				PRODUCT_BUNDLE_IDENTIFIER = "com.greghughes.Shared-Shopping-List";
				PRODUCT_NAME = "$(TARGET_NAME)";
				SWIFT_VERSION = 5.0;
				TARGETED_DEVICE_FAMILY = "1,2";
			};
			name = Release;
		};
		9020301A24AC16F200A9D357 /* Debug */ = {
			isa = XCBuildConfiguration;
			buildSettings = {
				ALWAYS_EMBED_SWIFT_STANDARD_LIBRARIES = YES;
				BUNDLE_LOADER = "$(TEST_HOST)";
				CODE_SIGN_STYLE = Automatic;
				DEVELOPMENT_TEAM = 57FTCZV5HS;
				INFOPLIST_FILE = "Shared Shopping ListTests/Info.plist";
				IPHONEOS_DEPLOYMENT_TARGET = 13.5;
				LD_RUNPATH_SEARCH_PATHS = (
					"$(inherited)",
					"@executable_path/Frameworks",
					"@loader_path/Frameworks",
				);
				PRODUCT_BUNDLE_IDENTIFIER = "com.greghughes.Shared-Shopping-ListTests";
				PRODUCT_NAME = "$(TARGET_NAME)";
				SWIFT_VERSION = 5.0;
				TARGETED_DEVICE_FAMILY = "1,2";
				TEST_HOST = "$(BUILT_PRODUCTS_DIR)/Shared Shopping List.app/Shared Shopping List";
			};
			name = Debug;
		};
		9020301B24AC16F200A9D357 /* Release */ = {
			isa = XCBuildConfiguration;
			buildSettings = {
				ALWAYS_EMBED_SWIFT_STANDARD_LIBRARIES = YES;
				BUNDLE_LOADER = "$(TEST_HOST)";
				CODE_SIGN_STYLE = Automatic;
				DEVELOPMENT_TEAM = 57FTCZV5HS;
				INFOPLIST_FILE = "Shared Shopping ListTests/Info.plist";
				IPHONEOS_DEPLOYMENT_TARGET = 13.5;
				LD_RUNPATH_SEARCH_PATHS = (
					"$(inherited)",
					"@executable_path/Frameworks",
					"@loader_path/Frameworks",
				);
				PRODUCT_BUNDLE_IDENTIFIER = "com.greghughes.Shared-Shopping-ListTests";
				PRODUCT_NAME = "$(TARGET_NAME)";
				SWIFT_VERSION = 5.0;
				TARGETED_DEVICE_FAMILY = "1,2";
				TEST_HOST = "$(BUILT_PRODUCTS_DIR)/Shared Shopping List.app/Shared Shopping List";
			};
			name = Release;
		};
/* End XCBuildConfiguration section */

/* Begin XCConfigurationList section */
		90202FEF24AC16ED00A9D357 /* Build configuration list for PBXProject "Shared Shopping List" */ = {
			isa = XCConfigurationList;
			buildConfigurations = (
				9020301424AC16F200A9D357 /* Debug */,
				9020301524AC16F200A9D357 /* Release */,
			);
			defaultConfigurationIsVisible = 0;
			defaultConfigurationName = Release;
		};
		9020301624AC16F200A9D357 /* Build configuration list for PBXNativeTarget "Shared Shopping List" */ = {
			isa = XCConfigurationList;
			buildConfigurations = (
				9020301724AC16F200A9D357 /* Debug */,
				9020301824AC16F200A9D357 /* Release */,
			);
			defaultConfigurationIsVisible = 0;
			defaultConfigurationName = Release;
		};
		9020301924AC16F200A9D357 /* Build configuration list for PBXNativeTarget "Shared Shopping ListTests" */ = {
			isa = XCConfigurationList;
			buildConfigurations = (
				9020301A24AC16F200A9D357 /* Debug */,
				9020301B24AC16F200A9D357 /* Release */,
			);
			defaultConfigurationIsVisible = 0;
			defaultConfigurationName = Release;
		};
/* End XCConfigurationList section */

/* Begin XCVersionGroup section */
		9020300024AC16ED00A9D357 /* Shared_Shopping_List.xcdatamodeld */ = {
			isa = XCVersionGroup;
			children = (
				9020300124AC16ED00A9D357 /* Shared_Shopping_List.xcdatamodel */,
			);
			currentVersion = 9020300124AC16ED00A9D357 /* Shared_Shopping_List.xcdatamodel */;
			path = Shared_Shopping_List.xcdatamodeld;
			sourceTree = "<group>";
			versionGroupType = wrapper.xcdatamodel;
		};
/* End XCVersionGroup section */
	};
	rootObject = 90202FEC24AC16ED00A9D357 /* Project object */;
}
